// !$*UTF8*$!
{
	archiveVersion = 1;
	classes = {
	};
	objectVersion = 46;
	objects = {

/* Begin PBXBuildFile section */
		EE599C9C1AC587C100BD67F3 /* AppDelegate.swift in Sources */ = {isa = PBXBuildFile; fileRef = EE599C9B1AC587C100BD67F3 /* AppDelegate.swift */; };
		EE599C9E1AC587C100BD67F3 /* ViewController.swift in Sources */ = {isa = PBXBuildFile; fileRef = EE599C9D1AC587C100BD67F3 /* ViewController.swift */; };
		EE599CA11AC587C100BD67F3 /* Main.storyboard in Resources */ = {isa = PBXBuildFile; fileRef = EE599C9F1AC587C100BD67F3 /* Main.storyboard */; };
		EE599CA31AC587C100BD67F3 /* Images.xcassets in Resources */ = {isa = PBXBuildFile; fileRef = EE599CA21AC587C100BD67F3 /* Images.xcassets */; };
		EE599CA61AC587C100BD67F3 /* LaunchScreen.xib in Resources */ = {isa = PBXBuildFile; fileRef = EE599CA41AC587C100BD67F3 /* LaunchScreen.xib */; };
		EE599CB21AC587C100BD67F3 /* Postcard_againTests.swift in Sources */ = {isa = PBXBuildFile; fileRef = EE599CB11AC587C100BD67F3 /* Postcard_againTests.swift */; };
/* End PBXBuildFile section */

/* Begin PBXContainerItemProxy section */
		EE599CAC1AC587C100BD67F3 /* PBXContainerItemProxy */ = {
			isa = PBXContainerItemProxy;
			containerPortal = EE599C8E1AC587C100BD67F3 /* Project object */;
			proxyType = 1;
			remoteGlobalIDString = EE599C951AC587C100BD67F3;
			remoteInfo = "Postcard-again";
		};
/* End PBXContainerItemProxy section */

/* Begin PBXFileReference section */
		EE599C961AC587C100BD67F3 /* Postcard-again.app */ = {isa = PBXFileReference; explicitFileType = wrapper.application; includeInIndex = 0; path = "Postcard-again.app"; sourceTree = BUILT_PRODUCTS_DIR; };
		EE599C9A1AC587C100BD67F3 /* Info.plist */ = {isa = PBXFileReference; lastKnownFileType = text.plist.xml; path = Info.plist; sourceTree = "<group>"; };
		EE599C9B1AC587C100BD67F3 /* AppDelegate.swift */ = {isa = PBXFileReference; lastKnownFileType = sourcecode.swift; path = AppDelegate.swift; sourceTree = "<group>"; };
		EE599C9D1AC587C100BD67F3 /* ViewController.swift */ = {isa = PBXFileReference; lastKnownFileType = sourcecode.swift; path = ViewController.swift; sourceTree = "<group>"; };
		EE599CA01AC587C100BD67F3 /* Base */ = {isa = PBXFileReference; lastKnownFileType = file.storyboard; name = Base; path = Base.lproj/Main.storyboard; sourceTree = "<group>"; };
		EE599CA21AC587C100BD67F3 /* Images.xcassets */ = {isa = PBXFileReference; lastKnownFileType = folder.assetcatalog; path = Images.xcassets; sourceTree = "<group>"; };
		EE599CA51AC587C100BD67F3 /* Base */ = {isa = PBXFileReference; lastKnownFileType = file.xib; name = Base; path = Base.lproj/LaunchScreen.xib; sourceTree = "<group>"; };
		EE599CAB1AC587C100BD67F3 /* Postcard-againTests.xctest */ = {isa = PBXFileReference; explicitFileType = wrapper.cfbundle; includeInIndex = 0; path = "Postcard-againTests.xctest"; sourceTree = BUILT_PRODUCTS_DIR; };
		EE599CB01AC587C100BD67F3 /* Info.plist */ = {isa = PBXFileReference; lastKnownFileType = text.plist.xml; path = Info.plist; sourceTree = "<group>"; };
		EE599CB11AC587C100BD67F3 /* Postcard_againTests.swift */ = {isa = PBXFileReference; lastKnownFileType = sourcecode.swift; path = Postcard_againTests.swift; sourceTree = "<group>"; };
/* End PBXFileReference section */

/* Begin PBXFrameworksBuildPhase section */
		EE599C931AC587C100BD67F3 /* Frameworks */ = {
			isa = PBXFrameworksBuildPhase;
			buildActionMask = 2147483647;
			files = (
			);
			runOnlyForDeploymentPostprocessing = 0;
		};
		EE599CA81AC587C100BD67F3 /* Frameworks */ = {
			isa = PBXFrameworksBuildPhase;
			buildActionMask = 2147483647;
			files = (
			);
			runOnlyForDeploymentPostprocessing = 0;
		};
/* End PBXFrameworksBuildPhase section */

/* Begin PBXGroup section */
		EE599C8D1AC587C100BD67F3 = {
			isa = PBXGroup;
			children = (
				EE599C981AC587C100BD67F3 /* Postcard-again */,
				EE599CAE1AC587C100BD67F3 /* Postcard-againTests */,
				EE599C971AC587C100BD67F3 /* Products */,
			);
			sourceTree = "<group>";
		};
		EE599C971AC587C100BD67F3 /* Products */ = {
			isa = PBXGroup;
			children = (
				EE599C961AC587C100BD67F3 /* Postcard-again.app */,
				EE599CAB1AC587C100BD67F3 /* Postcard-againTests.xctest */,
			);
			name = Products;
			sourceTree = "<group>";
		};
		EE599C981AC587C100BD67F3 /* Postcard-again */ = {
			isa = PBXGroup;
			children = (
				EE599C9B1AC587C100BD67F3 /* AppDelegate.swift */,
				EE599C9D1AC587C100BD67F3 /* ViewController.swift */,
				EE599C9F1AC587C100BD67F3 /* Main.storyboard */,
				EE599CA21AC587C100BD67F3 /* Images.xcassets */,
				EE599CA41AC587C100BD67F3 /* LaunchScreen.xib */,
				EE599C991AC587C100BD67F3 /* Supporting Files */,
			);
			path = "Postcard-again";
			sourceTree = "<group>";
		};
		EE599C991AC587C100BD67F3 /* Supporting Files */ = {
			isa = PBXGroup;
			children = (
				EE599C9A1AC587C100BD67F3 /* Info.plist */,
			);
			name = "Supporting Files";
			sourceTree = "<group>";
		};
		EE599CAE1AC587C100BD67F3 /* Postcard-againTests */ = {
			isa = PBXGroup;
			children = (
				EE599CB11AC587C100BD67F3 /* Postcard_againTests.swift */,
				EE599CAF1AC587C100BD67F3 /* Supporting Files */,
			);
			path = "Postcard-againTests";
			sourceTree = "<group>";
		};
		EE599CAF1AC587C100BD67F3 /* Supporting Files */ = {
			isa = PBXGroup;
			children = (
				EE599CB01AC587C100BD67F3 /* Info.plist */,
			);
			name = "Supporting Files";
			sourceTree = "<group>";
		};
/* End PBXGroup section */

/* Begin PBXNativeTarget section */
		EE599C951AC587C100BD67F3 /* Postcard-again */ = {
			isa = PBXNativeTarget;
			buildConfigurationList = EE599CB51AC587C100BD67F3 /* Build configuration list for PBXNativeTarget "Postcard-again" */;
			buildPhases = (
				EE599C921AC587C100BD67F3 /* Sources */,
				EE599C931AC587C100BD67F3 /* Frameworks */,
				EE599C941AC587C100BD67F3 /* Resources */,
			);
			buildRules = (
			);
			dependencies = (
			);
			name = "Postcard-again";
			productName = "Postcard-again";
			productReference = EE599C961AC587C100BD67F3 /* Postcard-again.app */;
			productType = "com.apple.product-type.application";
		};
		EE599CAA1AC587C100BD67F3 /* Postcard-againTests */ = {
			isa = PBXNativeTarget;
			buildConfigurationList = EE599CB81AC587C100BD67F3 /* Build configuration list for PBXNativeTarget "Postcard-againTests" */;
			buildPhases = (
				EE599CA71AC587C100BD67F3 /* Sources */,
				EE599CA81AC587C100BD67F3 /* Frameworks */,
				EE599CA91AC587C100BD67F3 /* Resources */,
			);
			buildRules = (
			);
			dependencies = (
				EE599CAD1AC587C100BD67F3 /* PBXTargetDependency */,
			);
			name = "Postcard-againTests";
			productName = "Postcard-againTests";
			productReference = EE599CAB1AC587C100BD67F3 /* Postcard-againTests.xctest */;
			productType = "com.apple.product-type.bundle.unit-test";
		};
/* End PBXNativeTarget section */

/* Begin PBXProject section */
		EE599C8E1AC587C100BD67F3 /* Project object */ = {
			isa = PBXProject;
			attributes = {
				LastUpgradeCheck = 0620;
				ORGANIZATIONNAME = "jonas-baer.com";
				TargetAttributes = {
					EE599C951AC587C100BD67F3 = {
						CreatedOnToolsVersion = 6.2;
					};
					EE599CAA1AC587C100BD67F3 = {
						CreatedOnToolsVersion = 6.2;
						TestTargetID = EE599C951AC587C100BD67F3;
					};
				};
			};
			buildConfigurationList = EE599C911AC587C100BD67F3 /* Build configuration list for PBXProject "Postcard-again" */;
			compatibilityVersion = "Xcode 3.2";
			developmentRegion = English;
			hasScannedForEncodings = 0;
			knownRegions = (
				en,
				Base,
			);
			mainGroup = EE599C8D1AC587C100BD67F3;
			productRefGroup = EE599C971AC587C100BD67F3 /* Products */;
			projectDirPath = "";
			projectRoot = "";
			targets = (
				EE599C951AC587C100BD67F3 /* Postcard-again */,
				EE599CAA1AC587C100BD67F3 /* Postcard-againTests */,
			);
		};
/* End PBXProject section */

/* Begin PBXResourcesBuildPhase section */
		EE599C941AC587C100BD67F3 /* Resources */ = {
			isa = PBXResourcesBuildPhase;
			buildActionMask = 2147483647;
			files = (
				EE599CA11AC587C100BD67F3 /* Main.storyboard in Resources */,
				EE599CA61AC587C100BD67F3 /* LaunchScreen.xib in Resources */,
				EE599CA31AC587C100BD67F3 /* Images.xcassets in Resources */,
			);
			runOnlyForDeploymentPostprocessing = 0;
		};
		EE599CA91AC587C100BD67F3 /* Resources */ = {
			isa = PBXResourcesBuildPhase;
			buildActionMask = 2147483647;
			files = (
			);
			runOnlyForDeploymentPostprocessing = 0;
		};
/* End PBXResourcesBuildPhase section */

/* Begin PBXSourcesBuildPhase section */
		EE599C921AC587C100BD67F3 /* Sources */ = {
			isa = PBXSourcesBuildPhase;
			buildActionMask = 2147483647;
			files = (
				EE599C9E1AC587C100BD67F3 /* ViewController.swift in Sources */,
				EE599C9C1AC587C100BD67F3 /* AppDelegate.swift in Sources */,
			);
			runOnlyForDeploymentPostprocessing = 0;
		};
		EE599CA71AC587C100BD67F3 /* Sources */ = {
			isa = PBXSourcesBuildPhase;
			buildActionMask = 2147483647;
			files = (
				EE599CB21AC587C100BD67F3 /* Postcard_againTests.swift in Sources */,
			);
			runOnlyForDeploymentPostprocessing = 0;
		};
/* End PBXSourcesBuildPhase section */

/* Begin PBXTargetDependency section */
		EE599CAD1AC587C100BD67F3 /* PBXTargetDependency */ = {
			isa = PBXTargetDependency;
			target = EE599C951AC587C100BD67F3 /* Postcard-again */;
			targetProxy = EE599CAC1AC587C100BD67F3 /* PBXContainerItemProxy */;
		};
/* End PBXTargetDependency section */

/* Begin PBXVariantGroup section */
		EE599C9F1AC587C100BD67F3 /* Main.storyboard */ = {
			isa = PBXVariantGroup;
			children = (
				EE599CA01AC587C100BD67F3 /* Base */,
			);
			name = Main.storyboard;
			sourceTree = "<group>";
		};
		EE599CA41AC587C100BD67F3 /* LaunchScreen.xib */ = {
			isa = PBXVariantGroup;
			children = (
				EE599CA51AC587C100BD67F3 /* Base */,
			);
			name = LaunchScreen.xib;
			sourceTree = "<group>";
		};
/* End PBXVariantGroup section */

/* Begin XCBuildConfiguration section */
		EE599CB31AC587C100BD67F3 /* Debug */ = {
			isa = XCBuildConfiguration;
			buildSettings = {
				ALWAYS_SEARCH_USER_PATHS = NO;
				CLANG_CXX_LANGUAGE_STANDARD = "gnu++0x";
				CLANG_CXX_LIBRARY = "libc++";
				CLANG_ENABLE_MODULES = YES;
				CLANG_ENABLE_OBJC_ARC = YES;
				CLANG_WARN_BOOL_CONVERSION = YES;
				CLANG_WARN_CONSTANT_CONVERSION = YES;
				CLANG_WARN_DIRECT_OBJC_ISA_USAGE = YES_ERROR;
				CLANG_WARN_EMPTY_BODY = YES;
				CLANG_WARN_ENUM_CONVERSION = YES;
				CLANG_WARN_INT_CONVERSION = YES;
				CLANG_WARN_OBJC_ROOT_CLASS = YES_ERROR;
				CLANG_WARN_UNREACHABLE_CODE = YES;
				CLANG_WARN__DUPLICATE_METHOD_MATCH = YES;
				"CODE_SIGN_IDENTITY[sdk=iphoneos*]" = "iPhone Developer";
				COPY_PHASE_STRIP = NO;
				ENABLE_STRICT_OBJC_MSGSEND = YES;
				GCC_C_LANGUAGE_STANDARD = gnu99;
				GCC_DYNAMIC_NO_PIC = NO;
				GCC_OPTIMIZATION_LEVEL = 0;
				GCC_PREPROCESSOR_DEFINITIONS = (
					"DEBUG=1",
					"$(inherited)",
				);
				GCC_SYMBOLS_PRIVATE_EXTERN = NO;
				GCC_WARN_64_TO_32_BIT_CONVERSION = YES;
				GCC_WARN_ABOUT_RETURN_TYPE = YES_ERROR;
				GCC_WARN_UNDECLARED_SELECTOR = YES;
				GCC_WARN_UNINITIALIZED_AUTOS = YES_AGGRESSIVE;
				GCC_WARN_UNUSED_FUNCTION = YES;
				GCC_WARN_UNUSED_VARIABLE = YES;
				IPHONEOS_DEPLOYMENT_TARGET = 8.2;
				MTL_ENABLE_DEBUG_INFO = YES;
				ONLY_ACTIVE_ARCH = YES;
				SDKROOT = iphoneos;
				SWIFT_OPTIMIZATION_LEVEL = "-Onone";
			};
			name = Debug;
		};
		EE599CB41AC587C100BD67F3 /* Release */ = {
			isa = XCBuildConfiguration;
			buildSettings = {
				ALWAYS_SEARCH_USER_PATHS = NO;
				CLANG_CXX_LANGUAGE_STANDARD = "gnu++0x";
				CLANG_CXX_LIBRARY = "libc++";
				CLANG_ENABLE_MODULES = YES;
				CLANG_ENABLE_OBJC_ARC = YES;
				CLANG_WARN_BOOL_CONVERSION = YES;
				CLANG_WARN_CONSTANT_CONVERSION = YES;
				CLANG_WARN_DIRECT_OBJC_ISA_USAGE = YES_ERROR;
				CLANG_WARN_EMPTY_BODY = YES;
				CLANG_WARN_ENUM_CONVERSION = YES;
				CLANG_WARN_INT_CONVERSION = YES;
				CLANG_WARN_OBJC_ROOT_CLASS = YES_ERROR;
				CLANG_WARN_UNREACHABLE_CODE = YES;
				CLANG_WARN__DUPLICATE_METHOD_MATCH = YES;
				"CODE_SIGN_IDENTITY[sdk=iphoneos*]" = "iPhone Developer";
				COPY_PHASE_STRIP = NO;
				ENABLE_NS_ASSERTIONS = NO;
				ENABLE_STRICT_OBJC_MSGSEND = YES;
				GCC_C_LANGUAGE_STANDARD = gnu99;
				GCC_WARN_64_TO_32_BIT_CONVERSION = YES;
				GCC_WARN_ABOUT_RETURN_TYPE = YES_ERROR;
				GCC_WARN_UNDECLARED_SELECTOR = YES;
				GCC_WARN_UNINITIALIZED_AUTOS = YES_AGGRESSIVE;
				GCC_WARN_UNUSED_FUNCTION = YES;
				GCC_WARN_UNUSED_VARIABLE = YES;
				IPHONEOS_DEPLOYMENT_TARGET = 8.2;
				MTL_ENABLE_DEBUG_INFO = NO;
				SDKROOT = iphoneos;
				VALIDATE_PRODUCT = YES;
			};
			name = Release;
		};
		EE599CB61AC587C100BD67F3 /* Debug */ = {
			isa = XCBuildConfiguration;
			buildSettings = {
				ASSETCATALOG_COMPILER_APPICON_NAME = AppIcon;
				INFOPLIST_FILE = "Postcard-again/Info.plist";
				LD_RUNPATH_SEARCH_PATHS = "$(inherited) @executable_path/Frameworks";
				PRODUCT_NAME = "$(TARGET_NAME)";
			};
			name = Debug;
		};
		EE599CB71AC587C100BD67F3 /* Release */ = {
			isa = XCBuildConfiguration;
			buildSettings = {
				ASSETCATALOG_COMPILER_APPICON_NAME = AppIcon;
				INFOPLIST_FILE = "Postcard-again/Info.plist";
				LD_RUNPATH_SEARCH_PATHS = "$(inherited) @executable_path/Frameworks";
				PRODUCT_NAME = "$(TARGET_NAME)";
			};
			name = Release;
		};
		EE599CB91AC587C100BD67F3 /* Debug */ = {
			isa = XCBuildConfiguration;
			buildSettings = {
				BUNDLE_LOADER = "$(TEST_HOST)";
				FRAMEWORK_SEARCH_PATHS = (
					"$(SDKROOT)/Developer/Library/Frameworks",
					"$(inherited)",
				);
				GCC_PREPROCESSOR_DEFINITIONS = (
					"DEBUG=1",
					"$(inherited)",
				);
				INFOPLIST_FILE = "Postcard-againTests/Info.plist";
				LD_RUNPATH_SEARCH_PATHS = "$(inherited) @executable_path/Frameworks @loader_path/Frameworks";
				PRODUCT_NAME = "$(TARGET_NAME)";
				TEST_HOST = "$(BUILT_PRODUCTS_DIR)/Postcard-again.app/Postcard-again";
			};
			name = Debug;
		};
		EE599CBA1AC587C100BD67F3 /* Release */ = {
			isa = XCBuildConfiguration;
			buildSettings = {
				BUNDLE_LOADER = "$(TEST_HOST)";
				FRAMEWORK_SEARCH_PATHS = (
					"$(SDKROOT)/Developer/Library/Frameworks",
					"$(inherited)",
				);
				INFOPLIST_FILE = "Postcard-againTests/Info.plist";
				LD_RUNPATH_SEARCH_PATHS = "$(inherited) @executable_path/Frameworks @loader_path/Frameworks";
				PRODUCT_NAME = "$(TARGET_NAME)";
				TEST_HOST = "$(BUILT_PRODUCTS_DIR)/Postcard-again.app/Postcard-again";
			};
			name = Release;
		};
/* End XCBuildConfiguration section */

/* Begin XCConfigurationList section */
		EE599C911AC587C100BD67F3 /* Build configuration list for PBXProject "Postcard-again" */ = {
			isa = XCConfigurationList;
			buildConfigurations = (
				EE599CB31AC587C100BD67F3 /* Debug */,
				EE599CB41AC587C100BD67F3 /* Release */,
			);
			defaultConfigurationIsVisible = 0;
			defaultConfigurationName = Release;
		};
		EE599CB51AC587C100BD67F3 /* Build configuration list for PBXNativeTarget "Postcard-again" */ = {
			isa = XCConfigurationList;
			buildConfigurations = (
				EE599CB61AC587C100BD67F3 /* Debug */,
				EE599CB71AC587C100BD67F3 /* Release */,
			);
			defaultConfigurationIsVisible = 0;
		};
		EE599CB81AC587C100BD67F3 /* Build configuration list for PBXNativeTarget "Postcard-againTests" */ = {
			isa = XCConfigurationList;
			buildConfigurations = (
				EE599CB91AC587C100BD67F3 /* Debug */,
				EE599CBA1AC587C100BD67F3 /* Release */,
			);
			defaultConfigurationIsVisible = 0;
		};
/* End XCConfigurationList section */
	};
	rootObject = EE599C8E1AC587C100BD67F3 /* Project object */;
}
